// !$*UTF8*$!
{
	archiveVersion = 1;
	classes = {
	};
	objectVersion = 46;
	objects = {

/* Begin PBXBuildFile section */
		52354DEB1CB6D9C9009017A3 /* AppDelegate.swift in Sources */ = {isa = PBXBuildFile; fileRef = 52354DEA1CB6D9C9009017A3 /* AppDelegate.swift */; };
		52354DED1CB6D9C9009017A3 /* ViewController.swift in Sources */ = {isa = PBXBuildFile; fileRef = 52354DEC1CB6D9C9009017A3 /* ViewController.swift */; };
		52354DF01CB6D9C9009017A3 /* Main.storyboard in Resources */ = {isa = PBXBuildFile; fileRef = 52354DEE1CB6D9C9009017A3 /* Main.storyboard */; };
		52354DF21CB6D9C9009017A3 /* Assets.xcassets in Resources */ = {isa = PBXBuildFile; fileRef = 52354DF11CB6D9C9009017A3 /* Assets.xcassets */; };
		52354DF51CB6D9C9009017A3 /* LaunchScreen.storyboard in Resources */ = {isa = PBXBuildFile; fileRef = 52354DF31CB6D9C9009017A3 /* LaunchScreen.storyboard */; };
		52354E001CB6D9C9009017A3 /* FireBaseWeatherAndLocationTests.swift in Sources */ = {isa = PBXBuildFile; fileRef = 52354DFF1CB6D9C9009017A3 /* FireBaseWeatherAndLocationTests.swift */; };
		52354E0B1CB6D9C9009017A3 /* FireBaseWeatherAndLocationUITests.swift in Sources */ = {isa = PBXBuildFile; fileRef = 52354E0A1CB6D9C9009017A3 /* FireBaseWeatherAndLocationUITests.swift */; };
		52354E1A1CB6E150009017A3 /* BridgingHeader.m in Sources */ = {isa = PBXBuildFile; fileRef = 52354E191CB6E150009017A3 /* BridgingHeader.m */; };
		B788B44AC9468AC9D997BA20 /* Pods.framework in Frameworks */ = {isa = PBXBuildFile; fileRef = E45BCDE0EDC515E9F9FF0FAD /* Pods.framework */; };
/* End PBXBuildFile section */

/* Begin PBXContainerItemProxy section */
		52354DFC1CB6D9C9009017A3 /* PBXContainerItemProxy */ = {
			isa = PBXContainerItemProxy;
			containerPortal = 52354DDF1CB6D9C9009017A3 /* Project object */;
			proxyType = 1;
			remoteGlobalIDString = 52354DE61CB6D9C9009017A3;
			remoteInfo = FireBaseWeatherAndLocation;
		};
		52354E071CB6D9C9009017A3 /* PBXContainerItemProxy */ = {
			isa = PBXContainerItemProxy;
			containerPortal = 52354DDF1CB6D9C9009017A3 /* Project object */;
			proxyType = 1;
			remoteGlobalIDString = 52354DE61CB6D9C9009017A3;
			remoteInfo = FireBaseWeatherAndLocation;
		};
/* End PBXContainerItemProxy section */

/* Begin PBXFileReference section */
		1DBFA7B6705337CFCF797B30 /* Pods.debug.xcconfig */ = {isa = PBXFileReference; includeInIndex = 1; lastKnownFileType = text.xcconfig; name = Pods.debug.xcconfig; path = "Pods/Target Support Files/Pods/Pods.debug.xcconfig"; sourceTree = "<group>"; };
		52354DE71CB6D9C9009017A3 /* FireBaseWeatherAndLocation.app */ = {isa = PBXFileReference; explicitFileType = wrapper.application; includeInIndex = 0; path = FireBaseWeatherAndLocation.app; sourceTree = BUILT_PRODUCTS_DIR; };
		52354DEA1CB6D9C9009017A3 /* AppDelegate.swift */ = {isa = PBXFileReference; lastKnownFileType = sourcecode.swift; path = AppDelegate.swift; sourceTree = "<group>"; };
		52354DEC1CB6D9C9009017A3 /* ViewController.swift */ = {isa = PBXFileReference; lastKnownFileType = sourcecode.swift; path = ViewController.swift; sourceTree = "<group>"; };
		52354DEF1CB6D9C9009017A3 /* Base */ = {isa = PBXFileReference; lastKnownFileType = file.storyboard; name = Base; path = Base.lproj/Main.storyboard; sourceTree = "<group>"; };
		52354DF11CB6D9C9009017A3 /* Assets.xcassets */ = {isa = PBXFileReference; lastKnownFileType = folder.assetcatalog; path = Assets.xcassets; sourceTree = "<group>"; };
		52354DF41CB6D9C9009017A3 /* Base */ = {isa = PBXFileReference; lastKnownFileType = file.storyboard; name = Base; path = Base.lproj/LaunchScreen.storyboard; sourceTree = "<group>"; };
		52354DF61CB6D9C9009017A3 /* Info.plist */ = {isa = PBXFileReference; lastKnownFileType = text.plist.xml; path = Info.plist; sourceTree = "<group>"; };
		52354DFB1CB6D9C9009017A3 /* FireBaseWeatherAndLocationTests.xctest */ = {isa = PBXFileReference; explicitFileType = wrapper.cfbundle; includeInIndex = 0; path = FireBaseWeatherAndLocationTests.xctest; sourceTree = BUILT_PRODUCTS_DIR; };
		52354DFF1CB6D9C9009017A3 /* FireBaseWeatherAndLocationTests.swift */ = {isa = PBXFileReference; lastKnownFileType = sourcecode.swift; path = FireBaseWeatherAndLocationTests.swift; sourceTree = "<group>"; };
		52354E011CB6D9C9009017A3 /* Info.plist */ = {isa = PBXFileReference; lastKnownFileType = text.plist.xml; path = Info.plist; sourceTree = "<group>"; };
		52354E061CB6D9C9009017A3 /* FireBaseWeatherAndLocationUITests.xctest */ = {isa = PBXFileReference; explicitFileType = wrapper.cfbundle; includeInIndex = 0; path = FireBaseWeatherAndLocationUITests.xctest; sourceTree = BUILT_PRODUCTS_DIR; };
		52354E0A1CB6D9C9009017A3 /* FireBaseWeatherAndLocationUITests.swift */ = {isa = PBXFileReference; lastKnownFileType = sourcecode.swift; path = FireBaseWeatherAndLocationUITests.swift; sourceTree = "<group>"; };
		52354E0C1CB6D9C9009017A3 /* Info.plist */ = {isa = PBXFileReference; lastKnownFileType = text.plist.xml; path = Info.plist; sourceTree = "<group>"; };
		52354E181CB6E150009017A3 /* FireBaseWeatherAndLocation-Bridging-Header.h */ = {isa = PBXFileReference; lastKnownFileType = sourcecode.c.h; path = "FireBaseWeatherAndLocation-Bridging-Header.h"; sourceTree = "<group>"; };
		52354E191CB6E150009017A3 /* BridgingHeader.m */ = {isa = PBXFileReference; fileEncoding = 4; lastKnownFileType = sourcecode.c.objc; path = BridgingHeader.m; sourceTree = "<group>"; };
		E45BCDE0EDC515E9F9FF0FAD /* Pods.framework */ = {isa = PBXFileReference; explicitFileType = wrapper.framework; includeInIndex = 0; path = Pods.framework; sourceTree = BUILT_PRODUCTS_DIR; };
		EDE611702ECC20898D0141C3 /* Pods.release.xcconfig */ = {isa = PBXFileReference; includeInIndex = 1; lastKnownFileType = text.xcconfig; name = Pods.release.xcconfig; path = "Pods/Target Support Files/Pods/Pods.release.xcconfig"; sourceTree = "<group>"; };
/* End PBXFileReference section */

/* Begin PBXFrameworksBuildPhase section */
		52354DE41CB6D9C9009017A3 /* Frameworks */ = {
			isa = PBXFrameworksBuildPhase;
			buildActionMask = 2147483647;
			files = (
				B788B44AC9468AC9D997BA20 /* Pods.framework in Frameworks */,
			);
			runOnlyForDeploymentPostprocessing = 0;
		};
		52354DF81CB6D9C9009017A3 /* Frameworks */ = {
			isa = PBXFrameworksBuildPhase;
			buildActionMask = 2147483647;
			files = (
			);
			runOnlyForDeploymentPostprocessing = 0;
		};
		52354E031CB6D9C9009017A3 /* Frameworks */ = {
			isa = PBXFrameworksBuildPhase;
			buildActionMask = 2147483647;
			files = (
			);
			runOnlyForDeploymentPostprocessing = 0;
		};
/* End PBXFrameworksBuildPhase section */

/* Begin PBXGroup section */
		52354DDE1CB6D9C9009017A3 = {
			isa = PBXGroup;
			children = (
				52354DE91CB6D9C9009017A3 /* FireBaseWeatherAndLocation */,
				52354DFE1CB6D9C9009017A3 /* FireBaseWeatherAndLocationTests */,
				52354E091CB6D9C9009017A3 /* FireBaseWeatherAndLocationUITests */,
				52354DE81CB6D9C9009017A3 /* Products */,
				AAAC0CCABA7EC8D20970765C /* Pods */,
				DCBDF1EC0D41415DEBF55E2D /* Frameworks */,
			);
			sourceTree = "<group>";
		};
		52354DE81CB6D9C9009017A3 /* Products */ = {
			isa = PBXGroup;
			children = (
				52354DE71CB6D9C9009017A3 /* FireBaseWeatherAndLocation.app */,
				52354DFB1CB6D9C9009017A3 /* FireBaseWeatherAndLocationTests.xctest */,
				52354E061CB6D9C9009017A3 /* FireBaseWeatherAndLocationUITests.xctest */,
			);
			name = Products;
			sourceTree = "<group>";
		};
		52354DE91CB6D9C9009017A3 /* FireBaseWeatherAndLocation */ = {
			isa = PBXGroup;
			children = (
				52354DEA1CB6D9C9009017A3 /* AppDelegate.swift */,
				52354DEC1CB6D9C9009017A3 /* ViewController.swift */,
				52354E191CB6E150009017A3 /* BridgingHeader.m */,
				52354DEE1CB6D9C9009017A3 /* Main.storyboard */,
				52354DF11CB6D9C9009017A3 /* Assets.xcassets */,
				52354DF31CB6D9C9009017A3 /* LaunchScreen.storyboard */,
				52354DF61CB6D9C9009017A3 /* Info.plist */,
				52354E181CB6E150009017A3 /* FireBaseWeatherAndLocation-Bridging-Header.h */,
			);
			path = FireBaseWeatherAndLocation;
			sourceTree = "<group>";
		};
		52354DFE1CB6D9C9009017A3 /* FireBaseWeatherAndLocationTests */ = {
			isa = PBXGroup;
			children = (
				52354DFF1CB6D9C9009017A3 /* FireBaseWeatherAndLocationTests.swift */,
				52354E011CB6D9C9009017A3 /* Info.plist */,
			);
			path = FireBaseWeatherAndLocationTests;
			sourceTree = "<group>";
		};
		52354E091CB6D9C9009017A3 /* FireBaseWeatherAndLocationUITests */ = {
			isa = PBXGroup;
			children = (
				52354E0A1CB6D9C9009017A3 /* FireBaseWeatherAndLocationUITests.swift */,
				52354E0C1CB6D9C9009017A3 /* Info.plist */,
			);
			path = FireBaseWeatherAndLocationUITests;
			sourceTree = "<group>";
		};
		AAAC0CCABA7EC8D20970765C /* Pods */ = {
			isa = PBXGroup;
			children = (
				1DBFA7B6705337CFCF797B30 /* Pods.debug.xcconfig */,
				EDE611702ECC20898D0141C3 /* Pods.release.xcconfig */,
			);
			name = Pods;
			sourceTree = "<group>";
		};
		DCBDF1EC0D41415DEBF55E2D /* Frameworks */ = {
			isa = PBXGroup;
			children = (
				E45BCDE0EDC515E9F9FF0FAD /* Pods.framework */,
			);
			name = Frameworks;
			sourceTree = "<group>";
		};
/* End PBXGroup section */

/* Begin PBXNativeTarget section */
		52354DE61CB6D9C9009017A3 /* FireBaseWeatherAndLocation */ = {
			isa = PBXNativeTarget;
			buildConfigurationList = 52354E0F1CB6D9C9009017A3 /* Build configuration list for PBXNativeTarget "FireBaseWeatherAndLocation" */;
			buildPhases = (
				6E5F4FD27B17BD6F177B7ADA /* Check Pods Manifest.lock */,
				52354DE31CB6D9C9009017A3 /* Sources */,
				52354DE41CB6D9C9009017A3 /* Frameworks */,
				52354DE51CB6D9C9009017A3 /* Resources */,
				42A35768623D01149EAAF622 /* Embed Pods Frameworks */,
				3633AB34803F94CB8AA1D40A /* Copy Pods Resources */,
			);
			buildRules = (
			);
			dependencies = (
			);
			name = FireBaseWeatherAndLocation;
			productName = FireBaseWeatherAndLocation;
			productReference = 52354DE71CB6D9C9009017A3 /* FireBaseWeatherAndLocation.app */;
			productType = "com.apple.product-type.application";
		};
		52354DFA1CB6D9C9009017A3 /* FireBaseWeatherAndLocationTests */ = {
			isa = PBXNativeTarget;
			buildConfigurationList = 52354E121CB6D9C9009017A3 /* Build configuration list for PBXNativeTarget "FireBaseWeatherAndLocationTests" */;
			buildPhases = (
				52354DF71CB6D9C9009017A3 /* Sources */,
				52354DF81CB6D9C9009017A3 /* Frameworks */,
				52354DF91CB6D9C9009017A3 /* Resources */,
			);
			buildRules = (
			);
			dependencies = (
				52354DFD1CB6D9C9009017A3 /* PBXTargetDependency */,
			);
			name = FireBaseWeatherAndLocationTests;
			productName = FireBaseWeatherAndLocationTests;
			productReference = 52354DFB1CB6D9C9009017A3 /* FireBaseWeatherAndLocationTests.xctest */;
			productType = "com.apple.product-type.bundle.unit-test";
		};
		52354E051CB6D9C9009017A3 /* FireBaseWeatherAndLocationUITests */ = {
			isa = PBXNativeTarget;
			buildConfigurationList = 52354E151CB6D9C9009017A3 /* Build configuration list for PBXNativeTarget "FireBaseWeatherAndLocationUITests" */;
			buildPhases = (
				52354E021CB6D9C9009017A3 /* Sources */,
				52354E031CB6D9C9009017A3 /* Frameworks */,
				52354E041CB6D9C9009017A3 /* Resources */,
			);
			buildRules = (
			);
			dependencies = (
				52354E081CB6D9C9009017A3 /* PBXTargetDependency */,
			);
			name = FireBaseWeatherAndLocationUITests;
			productName = FireBaseWeatherAndLocationUITests;
			productReference = 52354E061CB6D9C9009017A3 /* FireBaseWeatherAndLocationUITests.xctest */;
			productType = "com.apple.product-type.bundle.ui-testing";
		};
/* End PBXNativeTarget section */

/* Begin PBXProject section */
		52354DDF1CB6D9C9009017A3 /* Project object */ = {
			isa = PBXProject;
			attributes = {
				LastSwiftUpdateCheck = 0730;
				LastUpgradeCheck = 0730;
				ORGANIZATIONNAME = apphouse;
				TargetAttributes = {
					52354DE61CB6D9C9009017A3 = {
						CreatedOnToolsVersion = 7.3;
					};
					52354DFA1CB6D9C9009017A3 = {
						CreatedOnToolsVersion = 7.3;
						TestTargetID = 52354DE61CB6D9C9009017A3;
					};
					52354E051CB6D9C9009017A3 = {
						CreatedOnToolsVersion = 7.3;
						TestTargetID = 52354DE61CB6D9C9009017A3;
					};
				};
			};
			buildConfigurationList = 52354DE21CB6D9C9009017A3 /* Build configuration list for PBXProject "FireBaseWeatherAndLocation" */;
			compatibilityVersion = "Xcode 3.2";
			developmentRegion = English;
			hasScannedForEncodings = 0;
			knownRegions = (
				en,
				Base,
			);
			mainGroup = 52354DDE1CB6D9C9009017A3;
			productRefGroup = 52354DE81CB6D9C9009017A3 /* Products */;
			projectDirPath = "";
			projectRoot = "";
			targets = (
				52354DE61CB6D9C9009017A3 /* FireBaseWeatherAndLocation */,
				52354DFA1CB6D9C9009017A3 /* FireBaseWeatherAndLocationTests */,
				52354E051CB6D9C9009017A3 /* FireBaseWeatherAndLocationUITests */,
			);
		};
/* End PBXProject section */

/* Begin PBXResourcesBuildPhase section */
		52354DE51CB6D9C9009017A3 /* Resources */ = {
			isa = PBXResourcesBuildPhase;
			buildActionMask = 2147483647;
			files = (
				52354DF51CB6D9C9009017A3 /* LaunchScreen.storyboard in Resources */,
				52354DF21CB6D9C9009017A3 /* Assets.xcassets in Resources */,
				52354DF01CB6D9C9009017A3 /* Main.storyboard in Resources */,
			);
			runOnlyForDeploymentPostprocessing = 0;
		};
		52354DF91CB6D9C9009017A3 /* Resources */ = {
			isa = PBXResourcesBuildPhase;
			buildActionMask = 2147483647;
			files = (
			);
			runOnlyForDeploymentPostprocessing = 0;
		};
		52354E041CB6D9C9009017A3 /* Resources */ = {
			isa = PBXResourcesBuildPhase;
			buildActionMask = 2147483647;
			files = (
			);
			runOnlyForDeploymentPostprocessing = 0;
		};
/* End PBXResourcesBuildPhase section */

/* Begin PBXShellScriptBuildPhase section */
		3633AB34803F94CB8AA1D40A /* Copy Pods Resources */ = {
			isa = PBXShellScriptBuildPhase;
			buildActionMask = 2147483647;
			files = (
			);
			inputPaths = (
			);
			name = "Copy Pods Resources";
			outputPaths = (
			);
			runOnlyForDeploymentPostprocessing = 0;
			shellPath = /bin/sh;
			shellScript = "\"${SRCROOT}/Pods/Target Support Files/Pods/Pods-resources.sh\"\n";
			showEnvVarsInLog = 0;
		};
		42A35768623D01149EAAF622 /* Embed Pods Frameworks */ = {
			isa = PBXShellScriptBuildPhase;
			buildActionMask = 2147483647;
			files = (
			);
			inputPaths = (
			);
			name = "Embed Pods Frameworks";
			outputPaths = (
			);
			runOnlyForDeploymentPostprocessing = 0;
			shellPath = /bin/sh;
			shellScript = "\"${SRCROOT}/Pods/Target Support Files/Pods/Pods-frameworks.sh\"\n";
			showEnvVarsInLog = 0;
		};
		6E5F4FD27B17BD6F177B7ADA /* Check Pods Manifest.lock */ = {
			isa = PBXShellScriptBuildPhase;
			buildActionMask = 2147483647;
			files = (
			);
			inputPaths = (
			);
			name = "Check Pods Manifest.lock";
			outputPaths = (
			);
			runOnlyForDeploymentPostprocessing = 0;
			shellPath = /bin/sh;
			shellScript = "diff \"${PODS_ROOT}/../Podfile.lock\" \"${PODS_ROOT}/Manifest.lock\" > /dev/null\nif [[ $? != 0 ]] ; then\n    cat << EOM\nerror: The sandbox is not in sync with the Podfile.lock. Run 'pod install' or update your CocoaPods installation.\nEOM\n    exit 1\nfi\n";
			showEnvVarsInLog = 0;
		};
/* End PBXShellScriptBuildPhase section */

/* Begin PBXSourcesBuildPhase section */
		52354DE31CB6D9C9009017A3 /* Sources */ = {
			isa = PBXSourcesBuildPhase;
			buildActionMask = 2147483647;
			files = (
				52354DED1CB6D9C9009017A3 /* ViewController.swift in Sources */,
				52354DEB1CB6D9C9009017A3 /* AppDelegate.swift in Sources */,
				52354E1A1CB6E150009017A3 /* BridgingHeader.m in Sources */,
			);
			runOnlyForDeploymentPostprocessing = 0;
		};
		52354DF71CB6D9C9009017A3 /* Sources */ = {
			isa = PBXSourcesBuildPhase;
			buildActionMask = 2147483647;
			files = (
				52354E001CB6D9C9009017A3 /* FireBaseWeatherAndLocationTests.swift in Sources */,
			);
			runOnlyForDeploymentPostprocessing = 0;
		};
		52354E021CB6D9C9009017A3 /* Sources */ = {
			isa = PBXSourcesBuildPhase;
			buildActionMask = 2147483647;
			files = (
				52354E0B1CB6D9C9009017A3 /* FireBaseWeatherAndLocationUITests.swift in Sources */,
			);
			runOnlyForDeploymentPostprocessing = 0;
		};
/* End PBXSourcesBuildPhase section */

/* Begin PBXTargetDependency section */
		52354DFD1CB6D9C9009017A3 /* PBXTargetDependency */ = {
			isa = PBXTargetDependency;
			target = 52354DE61CB6D9C9009017A3 /* FireBaseWeatherAndLocation */;
			targetProxy = 52354DFC1CB6D9C9009017A3 /* PBXContainerItemProxy */;
		};
		52354E081CB6D9C9009017A3 /* PBXTargetDependency */ = {
			isa = PBXTargetDependency;
			target = 52354DE61CB6D9C9009017A3 /* FireBaseWeatherAndLocation */;
			targetProxy = 52354E071CB6D9C9009017A3 /* PBXContainerItemProxy */;
		};
/* End PBXTargetDependency section */

/* Begin PBXVariantGroup section */
		52354DEE1CB6D9C9009017A3 /* Main.storyboard */ = {
			isa = PBXVariantGroup;
			children = (
				52354DEF1CB6D9C9009017A3 /* Base */,
			);
			name = Main.storyboard;
			sourceTree = "<group>";
		};
		52354DF31CB6D9C9009017A3 /* LaunchScreen.storyboard */ = {
			isa = PBXVariantGroup;
			children = (
				52354DF41CB6D9C9009017A3 /* Base */,
			);
			name = LaunchScreen.storyboard;
			sourceTree = "<group>";
		};
/* End PBXVariantGroup section */

/* Begin XCBuildConfiguration section */
		52354E0D1CB6D9C9009017A3 /* Debug */ = {
			isa = XCBuildConfiguration;
			buildSettings = {
				ALWAYS_SEARCH_USER_PATHS = NO;
				CLANG_ANALYZER_NONNULL = YES;
				CLANG_CXX_LANGUAGE_STANDARD = "gnu++0x";
				CLANG_CXX_LIBRARY = "libc++";
				CLANG_ENABLE_MODULES = YES;
				CLANG_ENABLE_OBJC_ARC = YES;
				CLANG_WARN_BOOL_CONVERSION = YES;
				CLANG_WARN_CONSTANT_CONVERSION = YES;
				CLANG_WARN_DIRECT_OBJC_ISA_USAGE = YES_ERROR;
				CLANG_WARN_EMPTY_BODY = YES;
				CLANG_WARN_ENUM_CONVERSION = YES;
				CLANG_WARN_INT_CONVERSION = YES;
				CLANG_WARN_OBJC_ROOT_CLASS = YES_ERROR;
				CLANG_WARN_UNREACHABLE_CODE = YES;
				CLANG_WARN__DUPLICATE_METHOD_MATCH = YES;
				"CODE_SIGN_IDENTITY[sdk=iphoneos*]" = "iPhone Developer";
				COPY_PHASE_STRIP = NO;
				DEBUG_INFORMATION_FORMAT = dwarf;
				ENABLE_STRICT_OBJC_MSGSEND = YES;
				ENABLE_TESTABILITY = YES;
				GCC_C_LANGUAGE_STANDARD = gnu99;
				GCC_DYNAMIC_NO_PIC = NO;
				GCC_NO_COMMON_BLOCKS = YES;
				GCC_OPTIMIZATION_LEVEL = 0;
				GCC_PREPROCESSOR_DEFINITIONS = (
					"DEBUG=1",
					"$(inherited)",
				);
				GCC_WARN_64_TO_32_BIT_CONVERSION = YES;
				GCC_WARN_ABOUT_RETURN_TYPE = YES_ERROR;
				GCC_WARN_UNDECLARED_SELECTOR = YES;
				GCC_WARN_UNINITIALIZED_AUTOS = YES_AGGRESSIVE;
				GCC_WARN_UNUSED_FUNCTION = YES;
				GCC_WARN_UNUSED_VARIABLE = YES;
				IPHONEOS_DEPLOYMENT_TARGET = 9.3;
				MTL_ENABLE_DEBUG_INFO = YES;
				ONLY_ACTIVE_ARCH = YES;
				SDKROOT = iphoneos;
				SWIFT_OPTIMIZATION_LEVEL = "-Onone";
				TARGETED_DEVICE_FAMILY = "1,2";
			};
			name = Debug;
		};
		52354E0E1CB6D9C9009017A3 /* Release */ = {
			isa = XCBuildConfiguration;
			buildSettings = {
				ALWAYS_SEARCH_USER_PATHS = NO;
				CLANG_ANALYZER_NONNULL = YES;
				CLANG_CXX_LANGUAGE_STANDARD = "gnu++0x";
				CLANG_CXX_LIBRARY = "libc++";
				CLANG_ENABLE_MODULES = YES;
				CLANG_ENABLE_OBJC_ARC = YES;
				CLANG_WARN_BOOL_CONVERSION = YES;
				CLANG_WARN_CONSTANT_CONVERSION = YES;
				CLANG_WARN_DIRECT_OBJC_ISA_USAGE = YES_ERROR;
				CLANG_WARN_EMPTY_BODY = YES;
				CLANG_WARN_ENUM_CONVERSION = YES;
				CLANG_WARN_INT_CONVERSION = YES;
				CLANG_WARN_OBJC_ROOT_CLASS = YES_ERROR;
				CLANG_WARN_UNREACHABLE_CODE = YES;
				CLANG_WARN__DUPLICATE_METHOD_MATCH = YES;
				"CODE_SIGN_IDENTITY[sdk=iphoneos*]" = "iPhone Developer";
				COPY_PHASE_STRIP = NO;
				DEBUG_INFORMATION_FORMAT = "dwarf-with-dsym";
				ENABLE_NS_ASSERTIONS = NO;
				ENABLE_STRICT_OBJC_MSGSEND = YES;
				GCC_C_LANGUAGE_STANDARD = gnu99;
				GCC_NO_COMMON_BLOCKS = YES;
				GCC_WARN_64_TO_32_BIT_CONVERSION = YES;
				GCC_WARN_ABOUT_RETURN_TYPE = YES_ERROR;
				GCC_WARN_UNDECLARED_SELECTOR = YES;
				GCC_WARN_UNINITIALIZED_AUTOS = YES_AGGRESSIVE;
				GCC_WARN_UNUSED_FUNCTION = YES;
				GCC_WARN_UNUSED_VARIABLE = YES;
				IPHONEOS_DEPLOYMENT_TARGET = 9.3;
				MTL_ENABLE_DEBUG_INFO = NO;
				SDKROOT = iphoneos;
				TARGETED_DEVICE_FAMILY = "1,2";
				VALIDATE_PRODUCT = YES;
			};
			name = Release;
		};
		52354E101CB6D9C9009017A3 /* Debug */ = {
			isa = XCBuildConfiguration;
			baseConfigurationReference = 1DBFA7B6705337CFCF797B30 /* Pods.debug.xcconfig */;
			buildSettings = {
				ASSETCATALOG_COMPILER_APPICON_NAME = AppIcon;
				CLANG_ENABLE_MODULES = YES;
				INFOPLIST_FILE = FireBaseWeatherAndLocation/Info.plist;
				LD_RUNPATH_SEARCH_PATHS = "$(inherited) @executable_path/Frameworks";
				PRODUCT_BUNDLE_IDENTIFIER = com.apphouse.FireBaseWeatherAndLocation;
				PRODUCT_NAME = "$(TARGET_NAME)";
				SWIFT_OBJC_BRIDGING_HEADER = "FireBaseWeatherAndLocation/FireBaseWeatherAndLocation-Bridging-Header.h";
				SWIFT_OPTIMIZATION_LEVEL = "-Onone";
			};
			name = Debug;
		};
		52354E111CB6D9C9009017A3 /* Release */ = {
			isa = XCBuildConfiguration;
			baseConfigurationReference = EDE611702ECC20898D0141C3 /* Pods.release.xcconfig */;
			buildSettings = {
				ASSETCATALOG_COMPILER_APPICON_NAME = AppIcon;
				CLANG_ENABLE_MODULES = YES;
				INFOPLIST_FILE = FireBaseWeatherAndLocation/Info.plist;
				LD_RUNPATH_SEARCH_PATHS = "$(inherited) @executable_path/Frameworks";
				PRODUCT_BUNDLE_IDENTIFIER = com.apphouse.FireBaseWeatherAndLocation;
				PRODUCT_NAME = "$(TARGET_NAME)";
				SWIFT_OBJC_BRIDGING_HEADER = "FireBaseWeatherAndLocation/FireBaseWeatherAndLocation-Bridging-Header.h";
			};
			name = Release;
		};
		52354E131CB6D9C9009017A3 /* Debug */ = {
			isa = XCBuildConfiguration;
			buildSettings = {
				BUNDLE_LOADER = "$(TEST_HOST)";
				INFOPLIST_FILE = FireBaseWeatherAndLocationTests/Info.plist;
				LD_RUNPATH_SEARCH_PATHS = "$(inherited) @executable_path/Frameworks @loader_path/Frameworks";
				PRODUCT_BUNDLE_IDENTIFIER = com.apphouse.FireBaseWeatherAndLocationTests;
				PRODUCT_NAME = "$(TARGET_NAME)";
				TEST_HOST = "$(BUILT_PRODUCTS_DIR)/FireBaseWeatherAndLocation.app/FireBaseWeatherAndLocation";
			};
			name = Debug;
		};
		52354E141CB6D9C9009017A3 /* Release */ = {
			isa = XCBuildConfiguration;
			buildSettings = {
				BUNDLE_LOADER = "$(TEST_HOST)";
				INFOPLIST_FILE = FireBaseWeatherAndLocationTests/Info.plist;
				LD_RUNPATH_SEARCH_PATHS = "$(inherited) @executable_path/Frameworks @loader_path/Frameworks";
				PRODUCT_BUNDLE_IDENTIFIER = com.apphouse.FireBaseWeatherAndLocationTests;
				PRODUCT_NAME = "$(TARGET_NAME)";
				TEST_HOST = "$(BUILT_PRODUCTS_DIR)/FireBaseWeatherAndLocation.app/FireBaseWeatherAndLocation";
			};
			name = Release;
		};
		52354E161CB6D9C9009017A3 /* Debug */ = {
			isa = XCBuildConfiguration;
			buildSettings = {
				INFOPLIST_FILE = FireBaseWeatherAndLocationUITests/Info.plist;
				LD_RUNPATH_SEARCH_PATHS = "$(inherited) @executable_path/Frameworks @loader_path/Frameworks";
				PRODUCT_BUNDLE_IDENTIFIER = com.apphouse.FireBaseWeatherAndLocationUITests;
				PRODUCT_NAME = "$(TARGET_NAME)";
				TEST_TARGET_NAME = FireBaseWeatherAndLocation;
			};
			name = Debug;
		};
		52354E171CB6D9C9009017A3 /* Release */ = {
			isa = XCBuildConfiguration;
			buildSettings = {
				INFOPLIST_FILE = FireBaseWeatherAndLocationUITests/Info.plist;
				LD_RUNPATH_SEARCH_PATHS = "$(inherited) @executable_path/Frameworks @loader_path/Frameworks";
				PRODUCT_BUNDLE_IDENTIFIER = com.apphouse.FireBaseWeatherAndLocationUITests;
				PRODUCT_NAME = "$(TARGET_NAME)";
				TEST_TARGET_NAME = FireBaseWeatherAndLocation;
			};
			name = Release;
		};
/* End XCBuildConfiguration section */

/* Begin XCConfigurationList section */
		52354DE21CB6D9C9009017A3 /* Build configuration list for PBXProject "FireBaseWeatherAndLocation" */ = {
			isa = XCConfigurationList;
			buildConfigurations = (
				52354E0D1CB6D9C9009017A3 /* Debug */,
				52354E0E1CB6D9C9009017A3 /* Release */,
			);
			defaultConfigurationIsVisible = 0;
			defaultConfigurationName = Release;
		};
		52354E0F1CB6D9C9009017A3 /* Build configuration list for PBXNativeTarget "FireBaseWeatherAndLocation" */ = {
			isa = XCConfigurationList;
			buildConfigurations = (
				52354E101CB6D9C9009017A3 /* Debug */,
				52354E111CB6D9C9009017A3 /* Release */,
			);
			defaultConfigurationIsVisible = 0;
			defaultConfigurationName = Release;
		};
		52354E121CB6D9C9009017A3 /* Build configuration list for PBXNativeTarget "FireBaseWeatherAndLocationTests" */ = {
			isa = XCConfigurationList;
			buildConfigurations = (
				52354E131CB6D9C9009017A3 /* Debug */,
				52354E141CB6D9C9009017A3 /* Release */,
			);
			defaultConfigurationIsVisible = 0;
			defaultConfigurationName = Release;
		};
		52354E151CB6D9C9009017A3 /* Build configuration list for PBXNativeTarget "FireBaseWeatherAndLocationUITests" */ = {
			isa = XCConfigurationList;
			buildConfigurations = (
				52354E161CB6D9C9009017A3 /* Debug */,
				52354E171CB6D9C9009017A3 /* Release */,
			);
			defaultConfigurationIsVisible = 0;
			defaultConfigurationName = Release;
		};
/* End XCConfigurationList section */
	};
	rootObject = 52354DDF1CB6D9C9009017A3 /* Project object */;
}
